%{
  "peri": {:hex, :peri, "0.3.2", "79a2a91d6947d8bb7ed2d28911904e1dc20c0fe3257c3a86b010c833bb35acda", [:mix], [{:ecto, "~> 3.12", [hex: :ecto, repo: "hexpm", optional: true]}, {:jason, "~> 1.0", [hex: :jason, repo: "hexpm", optional: true]}, {:stream_data, "~> 1.1", [hex: :stream_data, repo: "hexpm", optional: true]}], "hexpm", "900b8d7a9cf4d32be98e8f84e2b720c40133d0477e78e83e41d81e0fe00d9b18"},
}
